PODS:
  - adapter_manager (0.0.1):
    - FlutterMacOS
  - app_settings (5.1.1):
    - FlutterMacOS
  - flutter_blue_plus_darwin (0.0.2):
    - Flutter
    - FlutterMacOS
  - FlutterMacOS (1.0.0)
  - geolocator_apple (1.2.0):
    - Flutter
    - FlutterMacOS
  - package_info_plus (0.0.1):
    - FlutterMacOS

DEPENDENCIES:
  - adapter_manager (from `Flutter/ephemeral/.symlinks/plugins/adapter_manager/macos`)
  - app_settings (from `Flutter/ephemeral/.symlinks/plugins/app_settings/macos`)
  - flutter_blue_plus_darwin (from `Flutter/ephemeral/.symlinks/plugins/flutter_blue_plus_darwin/darwin`)
  - FlutterMacOS (from `Flutter/ephemeral`)
  - geolocator_apple (from `Flutter/ephemeral/.symlinks/plugins/geolocator_apple/darwin`)
  - package_info_plus (from `Flutter/ephemeral/.symlinks/plugins/package_info_plus/macos`)

EXTERNAL SOURCES:
  adapter_manager:
    :path: Flutter/ephemeral/.symlinks/plugins/adapter_manager/macos
  app_settings:
    :path: Flutter/ephemeral/.symlinks/plugins/app_settings/macos
  flutter_blue_plus_darwin:
    :path: Flutter/ephemeral/.symlinks/plugins/flutter_blue_plus_darwin/darwin
  FlutterMacOS:
    :path: Flutter/ephemeral
  geolocator_apple:
    :path: Flutter/ephemeral/.symlinks/plugins/geolocator_apple/darwin
  package_info_plus:
    :path: Flutter/ephemeral/.symlinks/plugins/package_info_plus/macos

SPEC CHECKSUMS:
  adapter_manager: 34c7417a811c2b82b5bb4387e508428936ca6abe
  app_settings: cd21e176b56f8172043640ade81322a98896bff4
  flutter_blue_plus_darwin: 20a08bfeaa0f7804d524858d3d8744bcc1b6dbc3
  FlutterMacOS: 8f6f14fa908a6fb3fba0cd85dbd81ec4b251fb24
  geolocator_apple: ab36aa0e8b7d7a2d7639b3b4e48308394e8cef5e
  package_info_plus: f0052d280d17aa382b932f399edf32507174e870

PODFILE CHECKSUM: 236401fc2c932af29a9fcf0e97baeeb2d750d367

COCOAPODS: 1.16.2
